
Microsoft Visual Studio Solution File, Format Version 12.00
# Visual Studio Version 17
VisualStudioVersion = 17.6.33829.357
MinimumVisualStudioVersion = 10.0.40219.1
Project("{FAE04EC0-301F-11D3-BF4B-00C04F79EFBC}") = "Contest6_List", "Contest6_List\Contest6_List.csproj", "{78DDE591-153E-4FA2-81D8-E06936916FF6}"
EndProject
Global
	GlobalSection(SolutionConfigurationPlatforms) = preSolution
		Debug|Any CPU = Debug|Any CPU
		Release|Any CPU = Release|Any CPU
	EndGlobalSection
	GlobalSection(ProjectConfigurationPlatforms) = postSolution
		{78DDE591-153E-4FA2-81D8-E06936916FF6}.Debug|Any CPU.ActiveCfg = Debug|Any CPU
		{78DDE591-153E-4FA2-81D8-E06936916FF6}.Debug|Any CPU.Build.0 = Debug|Any CPU
		{78DDE591-153E-4FA2-81D8-E06936916FF6}.Release|Any CPU.ActiveCfg = Release|Any CPU
		{78DDE591-153E-4FA2-81D8-E06936916FF6}.Release|Any CPU.Build.0 = Release|Any CPU
	EndGlobalSection
	GlobalSection(SolutionProperties) = preSolution
		HideSolutionNode = FALSE
	EndGlobalSection
	GlobalSection(ExtensibilityGlobals) = postSolution
		SolutionGuid = {EF8A497C-F9EC-41DA-925C-0F5FD97A8AF1}
	EndGlobalSection
EndGlobal
